
Microsoft Visual Studio Solution File, Format Version 12.00
# Visual Studio Version 17
VisualStudioVersion = 17.0.32126.317
MinimumVisualStudioVersion = 10.0.40219.1
Project("{2150E333-8FDC-42A3-9474-1A3956D46DE8}") = "Data", "Data", "{5289F86D-3240-4E5F-93A4-A1923500D355}"
EndProject
Project("{FAE04EC0-301F-11D3-BF4B-00C04F79EFBC}") = "MyFilms.Data", "MyFilms.Data\MyFilms.Data.csproj", "{7F60BE4E-F627-4C8C-91CB-88A290AAC464}"
EndProject
Project("{FAE04EC0-301F-11D3-BF4B-00C04F79EFBC}") = "MyFilms.DataAccess", "MyFilms.DataAccess\MyFilms.DataAccess.csproj", "{F6F71C44-3130-4D36-99AA-4A1E5F226AF5}"
EndProject
Project("{FAE04EC0-301F-11D3-BF4B-00C04F79EFBC}") = "MyFilms.Core", "MyFilms.Core\MyFilms.Core.csproj", "{9F9075A5-58F5-4376-B2D7-27FA8C3D11D4}"
EndProject
Project("{FAE04EC0-301F-11D3-BF4B-00C04F79EFBC}") = "MyFilms.Domain", "MyFilms.Domain\MyFilms.Domain.csproj", "{88933927-A761-4036-BD82-23143B5D6322}"
EndProject
Project("{FAE04EC0-301F-11D3-BF4B-00C04F79EFBC}") = "MyFilms.WebAPI", "MyFilms.WebAPI\MyFilms.WebAPI.csproj", "{F221851B-FD14-4FBD-9929-46A7CED55B77}"
EndProject
Global
	GlobalSection(SolutionConfigurationPlatforms) = preSolution
		Debug|Any CPU = Debug|Any CPU
		Release|Any CPU = Release|Any CPU
	EndGlobalSection
	GlobalSection(ProjectConfigurationPlatforms) = postSolution
		{7F60BE4E-F627-4C8C-91CB-88A290AAC464}.Debug|Any CPU.ActiveCfg = Debug|Any CPU
		{7F60BE4E-F627-4C8C-91CB-88A290AAC464}.Debug|Any CPU.Build.0 = Debug|Any CPU
		{7F60BE4E-F627-4C8C-91CB-88A290AAC464}.Release|Any CPU.ActiveCfg = Release|Any CPU
		{7F60BE4E-F627-4C8C-91CB-88A290AAC464}.Release|Any CPU.Build.0 = Release|Any CPU
		{F6F71C44-3130-4D36-99AA-4A1E5F226AF5}.Debug|Any CPU.ActiveCfg = Debug|Any CPU
		{F6F71C44-3130-4D36-99AA-4A1E5F226AF5}.Debug|Any CPU.Build.0 = Debug|Any CPU
		{F6F71C44-3130-4D36-99AA-4A1E5F226AF5}.Release|Any CPU.ActiveCfg = Release|Any CPU
		{F6F71C44-3130-4D36-99AA-4A1E5F226AF5}.Release|Any CPU.Build.0 = Release|Any CPU
		{9F9075A5-58F5-4376-B2D7-27FA8C3D11D4}.Debug|Any CPU.ActiveCfg = Debug|Any CPU
		{9F9075A5-58F5-4376-B2D7-27FA8C3D11D4}.Debug|Any CPU.Build.0 = Debug|Any CPU
		{9F9075A5-58F5-4376-B2D7-27FA8C3D11D4}.Release|Any CPU.ActiveCfg = Release|Any CPU
		{9F9075A5-58F5-4376-B2D7-27FA8C3D11D4}.Release|Any CPU.Build.0 = Release|Any CPU
		{88933927-A761-4036-BD82-23143B5D6322}.Debug|Any CPU.ActiveCfg = Debug|Any CPU
		{88933927-A761-4036-BD82-23143B5D6322}.Debug|Any CPU.Build.0 = Debug|Any CPU
		{88933927-A761-4036-BD82-23143B5D6322}.Release|Any CPU.ActiveCfg = Release|Any CPU
		{88933927-A761-4036-BD82-23143B5D6322}.Release|Any CPU.Build.0 = Release|Any CPU
		{F221851B-FD14-4FBD-9929-46A7CED55B77}.Debug|Any CPU.ActiveCfg = Debug|Any CPU
		{F221851B-FD14-4FBD-9929-46A7CED55B77}.Debug|Any CPU.Build.0 = Debug|Any CPU
		{F221851B-FD14-4FBD-9929-46A7CED55B77}.Release|Any CPU.ActiveCfg = Release|Any CPU
		{F221851B-FD14-4FBD-9929-46A7CED55B77}.Release|Any CPU.Build.0 = Release|Any CPU
	EndGlobalSection
	GlobalSection(SolutionProperties) = preSolution
		HideSolutionNode = FALSE
	EndGlobalSection
	GlobalSection(NestedProjects) = preSolution
		{7F60BE4E-F627-4C8C-91CB-88A290AAC464} = {5289F86D-3240-4E5F-93A4-A1923500D355}
		{F6F71C44-3130-4D36-99AA-4A1E5F226AF5} = {5289F86D-3240-4E5F-93A4-A1923500D355}
	EndGlobalSection
	GlobalSection(ExtensibilityGlobals) = postSolution
		SolutionGuid = {45A503A7-7714-43D5-ABE6-F28312549C41}
	EndGlobalSection
EndGlobal
